
Microsoft Visual Studio Solution File, Format Version 12.00
# Visual Studio Version 16
VisualStudioVersion = 16.0.30804.86
MinimumVisualStudioVersion = 10.0.40219.1
Project("{9A19103F-16F7-4668-BE54-9A1E7A4F7556}") = "xsd2c", "xsd2c\xsd2c.csproj", "{A0091429-3B61-4D86-8D0E-288DAED7DFF2}"
EndProject
Project("{9A19103F-16F7-4668-BE54-9A1E7A4F7556}") = "xsd2c.MsBuild", "xsd2c.MsBuild\xsd2c.MsBuild.csproj", "{988F5B7B-20E6-4C07-8510-54EE53F0B244}"
EndProject
Project("{9A19103F-16F7-4668-BE54-9A1E7A4F7556}") = "xsd2c.Test", "xsd2c.Test\xsd2c.Test.csproj", "{4F072B7D-62C9-4103-8E5B-28CFBE2FE3B6}"
EndProject
Global
	GlobalSection(SolutionConfigurationPlatforms) = preSolution
		Debug|Any CPU = Debug|Any CPU
		Debug|Mixed Platforms = Debug|Mixed Platforms
		Debug|x86 = Debug|x86
		Release|Any CPU = Release|Any CPU
		Release|Mixed Platforms = Release|Mixed Platforms
		Release|x86 = Release|x86
	EndGlobalSection
	GlobalSection(ProjectConfigurationPlatforms) = postSolution
		{A0091429-3B61-4D86-8D0E-288DAED7DFF2}.Debug|Any CPU.ActiveCfg = Debug|Any CPU
		{A0091429-3B61-4D86-8D0E-288DAED7DFF2}.Debug|Any CPU.Build.0 = Debug|Any CPU
		{A0091429-3B61-4D86-8D0E-288DAED7DFF2}.Debug|Mixed Platforms.ActiveCfg = Debug|Any CPU
		{A0091429-3B61-4D86-8D0E-288DAED7DFF2}.Debug|Mixed Platforms.Build.0 = Debug|Any CPU
		{A0091429-3B61-4D86-8D0E-288DAED7DFF2}.Debug|x86.ActiveCfg = Debug|Any CPU
		{A0091429-3B61-4D86-8D0E-288DAED7DFF2}.Debug|x86.Build.0 = Debug|Any CPU
		{A0091429-3B61-4D86-8D0E-288DAED7DFF2}.Release|Any CPU.ActiveCfg = Release|Any CPU
		{A0091429-3B61-4D86-8D0E-288DAED7DFF2}.Release|Any CPU.Build.0 = Release|Any CPU
		{A0091429-3B61-4D86-8D0E-288DAED7DFF2}.Release|Mixed Platforms.ActiveCfg = Release|Any CPU
		{A0091429-3B61-4D86-8D0E-288DAED7DFF2}.Release|Mixed Platforms.Build.0 = Release|Any CPU
		{A0091429-3B61-4D86-8D0E-288DAED7DFF2}.Release|x86.ActiveCfg = Release|Any CPU
		{A0091429-3B61-4D86-8D0E-288DAED7DFF2}.Release|x86.Build.0 = Release|Any CPU
		{988F5B7B-20E6-4C07-8510-54EE53F0B244}.Debug|Any CPU.ActiveCfg = Debug|Any CPU
		{988F5B7B-20E6-4C07-8510-54EE53F0B244}.Debug|Any CPU.Build.0 = Debug|Any CPU
		{988F5B7B-20E6-4C07-8510-54EE53F0B244}.Debug|Mixed Platforms.ActiveCfg = Debug|Any CPU
		{988F5B7B-20E6-4C07-8510-54EE53F0B244}.Debug|Mixed Platforms.Build.0 = Debug|Any CPU
		{988F5B7B-20E6-4C07-8510-54EE53F0B244}.Debug|x86.ActiveCfg = Debug|Any CPU
		{988F5B7B-20E6-4C07-8510-54EE53F0B244}.Debug|x86.Build.0 = Debug|Any CPU
		{988F5B7B-20E6-4C07-8510-54EE53F0B244}.Release|Any CPU.ActiveCfg = Release|Any CPU
		{988F5B7B-20E6-4C07-8510-54EE53F0B244}.Release|Any CPU.Build.0 = Release|Any CPU
		{988F5B7B-20E6-4C07-8510-54EE53F0B244}.Release|Mixed Platforms.ActiveCfg = Release|Any CPU
		{988F5B7B-20E6-4C07-8510-54EE53F0B244}.Release|Mixed Platforms.Build.0 = Release|Any CPU
		{988F5B7B-20E6-4C07-8510-54EE53F0B244}.Release|x86.ActiveCfg = Release|Any CPU
		{988F5B7B-20E6-4C07-8510-54EE53F0B244}.Release|x86.Build.0 = Release|Any CPU
		{4F072B7D-62C9-4103-8E5B-28CFBE2FE3B6}.Debug|Any CPU.ActiveCfg = Debug|Any CPU
		{4F072B7D-62C9-4103-8E5B-28CFBE2FE3B6}.Debug|Any CPU.Build.0 = Debug|Any CPU
		{4F072B7D-62C9-4103-8E5B-28CFBE2FE3B6}.Debug|Mixed Platforms.ActiveCfg = Debug|Any CPU
		{4F072B7D-62C9-4103-8E5B-28CFBE2FE3B6}.Debug|Mixed Platforms.Build.0 = Debug|Any CPU
		{4F072B7D-62C9-4103-8E5B-28CFBE2FE3B6}.Debug|x86.ActiveCfg = Debug|Any CPU
		{4F072B7D-62C9-4103-8E5B-28CFBE2FE3B6}.Debug|x86.Build.0 = Debug|Any CPU
		{4F072B7D-62C9-4103-8E5B-28CFBE2FE3B6}.Release|Any CPU.ActiveCfg = Release|Any CPU
		{4F072B7D-62C9-4103-8E5B-28CFBE2FE3B6}.Release|Any CPU.Build.0 = Release|Any CPU
		{4F072B7D-62C9-4103-8E5B-28CFBE2FE3B6}.Release|Mixed Platforms.ActiveCfg = Release|Any CPU
		{4F072B7D-62C9-4103-8E5B-28CFBE2FE3B6}.Release|Mixed Platforms.Build.0 = Release|Any CPU
		{4F072B7D-62C9-4103-8E5B-28CFBE2FE3B6}.Release|x86.ActiveCfg = Release|Any CPU
		{4F072B7D-62C9-4103-8E5B-28CFBE2FE3B6}.Release|x86.Build.0 = Release|Any CPU
	EndGlobalSection
	GlobalSection(SolutionProperties) = preSolution
		HideSolutionNode = FALSE
	EndGlobalSection
	GlobalSection(ExtensibilityGlobals) = postSolution
		SolutionGuid = {39E168CC-4161-474E-8E25-0156DABBFA83}
	EndGlobalSection
EndGlobal
